
Microsoft Visual Studio Solution File, Format Version 12.00
# Visual Studio Version 16
VisualStudioVersion = 25.0.1704.3
MinimumVisualStudioVersion = 10.0.40219.1
Project("{FAE04EC0-301F-11D3-BF4B-00C04F79EFBC}") = "Week3_If_and_switch", "Week3_If_and_switch\Week3_If_and_switch.csproj", "{1C30CBBE-4349-4691-9A3C-DDC3480724DD}"
EndProject
Global
	GlobalSection(SolutionConfigurationPlatforms) = preSolution
		Debug|Any CPU = Debug|Any CPU
		Release|Any CPU = Release|Any CPU
	EndGlobalSection
	GlobalSection(ProjectConfigurationPlatforms) = postSolution
		{1C30CBBE-4349-4691-9A3C-DDC3480724DD}.Debug|Any CPU.ActiveCfg = Debug|Any CPU
		{1C30CBBE-4349-4691-9A3C-DDC3480724DD}.Debug|Any CPU.Build.0 = Debug|Any CPU
		{1C30CBBE-4349-4691-9A3C-DDC3480724DD}.Release|Any CPU.ActiveCfg = Release|Any CPU
		{1C30CBBE-4349-4691-9A3C-DDC3480724DD}.Release|Any CPU.Build.0 = Release|Any CPU
	EndGlobalSection
	GlobalSection(SolutionProperties) = preSolution
		HideSolutionNode = FALSE
	EndGlobalSection
	GlobalSection(ExtensibilityGlobals) = postSolution
		SolutionGuid = {47B98382-BD78-411B-9BFE-2AD66D10E483}
	EndGlobalSection
EndGlobal
